// !$*UTF8*$!
{
	archiveVersion = 1;
	classes = {
	};
	objectVersion = 50;
	objects = {

/* Begin PBXBuildFile section */
		CEB55CAF24A4841B00364154 /* AppDelegate.swift in Sources */ = {isa = PBXBuildFile; fileRef = CEB55CAE24A4841B00364154 /* AppDelegate.swift */; };
		CEB55CB124A4841B00364154 /* SceneDelegate.swift in Sources */ = {isa = PBXBuildFile; fileRef = CEB55CB024A4841B00364154 /* SceneDelegate.swift */; };
		CEB55CB324A4841B00364154 /* ViewController.swift in Sources */ = {isa = PBXBuildFile; fileRef = CEB55CB224A4841B00364154 /* ViewController.swift */; };
		CEB55CB624A4841B00364154 /* Main.storyboard in Resources */ = {isa = PBXBuildFile; fileRef = CEB55CB424A4841B00364154 /* Main.storyboard */; };
		CEB55CB824A4841E00364154 /* Assets.xcassets in Resources */ = {isa = PBXBuildFile; fileRef = CEB55CB724A4841E00364154 /* Assets.xcassets */; };
		CEB55CBB24A4841E00364154 /* LaunchScreen.storyboard in Resources */ = {isa = PBXBuildFile; fileRef = CEB55CB924A4841E00364154 /* LaunchScreen.storyboard */; };
		CEB55CC324A4878700364154 /* SecondViewController.swift in Sources */ = {isa = PBXBuildFile; fileRef = CEB55CC224A4878700364154 /* SecondViewController.swift */; };
		CEB55CC524A48C2D00364154 /* ApplicationData.swift in Sources */ = {isa = PBXBuildFile; fileRef = CEB55CC424A48C2D00364154 /* ApplicationData.swift */; };
		CEB55CC724A5EC0100364154 /* KeyboardNotificationViewController.swift in Sources */ = {isa = PBXBuildFile; fileRef = CEB55CC624A5EC0100364154 /* KeyboardNotificationViewController.swift */; };
		CEB55CC924A5F8A700364154 /* KeyboardNotificationViewController2.swift in Sources */ = {isa = PBXBuildFile; fileRef = CEB55CC824A5F8A700364154 /* KeyboardNotificationViewController2.swift */; };
/* End PBXBuildFile section */

/* Begin PBXFileReference section */
		CEB55CAB24A4841B00364154 /* NotificationCenter0625.app */ = {isa = PBXFileReference; explicitFileType = wrapper.application; includeInIndex = 0; path = NotificationCenter0625.app; sourceTree = BUILT_PRODUCTS_DIR; };
		CEB55CAE24A4841B00364154 /* AppDelegate.swift */ = {isa = PBXFileReference; lastKnownFileType = sourcecode.swift; path = AppDelegate.swift; sourceTree = "<group>"; };
		CEB55CB024A4841B00364154 /* SceneDelegate.swift */ = {isa = PBXFileReference; lastKnownFileType = sourcecode.swift; path = SceneDelegate.swift; sourceTree = "<group>"; };
		CEB55CB224A4841B00364154 /* ViewController.swift */ = {isa = PBXFileReference; lastKnownFileType = sourcecode.swift; path = ViewController.swift; sourceTree = "<group>"; };
		CEB55CB524A4841B00364154 /* Base */ = {isa = PBXFileReference; lastKnownFileType = file.storyboard; name = Base; path = Base.lproj/Main.storyboard; sourceTree = "<group>"; };
		CEB55CB724A4841E00364154 /* Assets.xcassets */ = {isa = PBXFileReference; lastKnownFileType = folder.assetcatalog; path = Assets.xcassets; sourceTree = "<group>"; };
		CEB55CBA24A4841E00364154 /* Base */ = {isa = PBXFileReference; lastKnownFileType = file.storyboard; name = Base; path = Base.lproj/LaunchScreen.storyboard; sourceTree = "<group>"; };
		CEB55CBC24A4841E00364154 /* Info.plist */ = {isa = PBXFileReference; lastKnownFileType = text.plist.xml; path = Info.plist; sourceTree = "<group>"; };
		CEB55CC224A4878700364154 /* SecondViewController.swift */ = {isa = PBXFileReference; lastKnownFileType = sourcecode.swift; path = SecondViewController.swift; sourceTree = "<group>"; };
		CEB55CC424A48C2D00364154 /* ApplicationData.swift */ = {isa = PBXFileReference; lastKnownFileType = sourcecode.swift; path = ApplicationData.swift; sourceTree = "<group>"; };
		CEB55CC624A5EC0100364154 /* KeyboardNotificationViewController.swift */ = {isa = PBXFileReference; lastKnownFileType = sourcecode.swift; path = KeyboardNotificationViewController.swift; sourceTree = "<group>"; };
		CEB55CC824A5F8A700364154 /* KeyboardNotificationViewController2.swift */ = {isa = PBXFileReference; lastKnownFileType = sourcecode.swift; path = KeyboardNotificationViewController2.swift; sourceTree = "<group>"; };
/* End PBXFileReference section */

/* Begin PBXFrameworksBuildPhase section */
		CEB55CA824A4841B00364154 /* Frameworks */ = {
			isa = PBXFrameworksBuildPhase;
			buildActionMask = 2147483647;
			files = (
			);
			runOnlyForDeploymentPostprocessing = 0;
		};
/* End PBXFrameworksBuildPhase section */

/* Begin PBXGroup section */
		CEB55CA224A4841B00364154 = {
			isa = PBXGroup;
			children = (
				CEB55CAD24A4841B00364154 /* NotificationCenter0625 */,
				CEB55CAC24A4841B00364154 /* Products */,
			);
			sourceTree = "<group>";
		};
		CEB55CAC24A4841B00364154 /* Products */ = {
			isa = PBXGroup;
			children = (
				CEB55CAB24A4841B00364154 /* NotificationCenter0625.app */,
			);
			name = Products;
			sourceTree = "<group>";
		};
		CEB55CAD24A4841B00364154 /* NotificationCenter0625 */ = {
			isa = PBXGroup;
			children = (
				CEB55CAE24A4841B00364154 /* AppDelegate.swift */,
				CEB55CB024A4841B00364154 /* SceneDelegate.swift */,
				CEB55CC424A48C2D00364154 /* ApplicationData.swift */,
				CEB55CB224A4841B00364154 /* ViewController.swift */,
				CEB55CC224A4878700364154 /* SecondViewController.swift */,
				CEB55CC624A5EC0100364154 /* KeyboardNotificationViewController.swift */,
				CEB55CC824A5F8A700364154 /* KeyboardNotificationViewController2.swift */,
				CEB55CB424A4841B00364154 /* Main.storyboard */,
				CEB55CB724A4841E00364154 /* Assets.xcassets */,
				CEB55CB924A4841E00364154 /* LaunchScreen.storyboard */,
				CEB55CBC24A4841E00364154 /* Info.plist */,
			);
			path = NotificationCenter0625;
			sourceTree = "<group>";
		};
/* End PBXGroup section */

/* Begin PBXNativeTarget section */
		CEB55CAA24A4841B00364154 /* NotificationCenter0625 */ = {
			isa = PBXNativeTarget;
			buildConfigurationList = CEB55CBF24A4841E00364154 /* Build configuration list for PBXNativeTarget "NotificationCenter0625" */;
			buildPhases = (
				CEB55CA724A4841B00364154 /* Sources */,
				CEB55CA824A4841B00364154 /* Frameworks */,
				CEB55CA924A4841B00364154 /* Resources */,
			);
			buildRules = (
			);
			dependencies = (
			);
			name = NotificationCenter0625;
			productName = NotificationCenter0625;
			productReference = CEB55CAB24A4841B00364154 /* NotificationCenter0625.app */;
			productType = "com.apple.product-type.application";
		};
/* End PBXNativeTarget section */

/* Begin PBXProject section */
		CEB55CA324A4841B00364154 /* Project object */ = {
			isa = PBXProject;
			attributes = {
				LastSwiftUpdateCheck = 1150;
				LastUpgradeCheck = 1150;
				ORGANIZATIONNAME = leslie;
				TargetAttributes = {
					CEB55CAA24A4841B00364154 = {
						CreatedOnToolsVersion = 11.5;
					};
				};
			};
			buildConfigurationList = CEB55CA624A4841B00364154 /* Build configuration list for PBXProject "NotificationCenter0625" */;
			compatibilityVersion = "Xcode 9.3";
			developmentRegion = en;
			hasScannedForEncodings = 0;
			knownRegions = (
				en,
				Base,
			);
			mainGroup = CEB55CA224A4841B00364154;
			productRefGroup = CEB55CAC24A4841B00364154 /* Products */;
			projectDirPath = "";
			projectRoot = "";
			targets = (
				CEB55CAA24A4841B00364154 /* NotificationCenter0625 */,
			);
		};
/* End PBXProject section */

/* Begin PBXResourcesBuildPhase section */
		CEB55CA924A4841B00364154 /* Resources */ = {
			isa = PBXResourcesBuildPhase;
			buildActionMask = 2147483647;
			files = (
				CEB55CBB24A4841E00364154 /* LaunchScreen.storyboard in Resources */,
				CEB55CB824A4841E00364154 /* Assets.xcassets in Resources */,
				CEB55CB624A4841B00364154 /* Main.storyboard in Resources */,
			);
			runOnlyForDeploymentPostprocessing = 0;
		};
/* End PBXResourcesBuildPhase section */

/* Begin PBXSourcesBuildPhase section */
		CEB55CA724A4841B00364154 /* Sources */ = {
			isa = PBXSourcesBuildPhase;
			buildActionMask = 2147483647;
			files = (
				CEB55CC724A5EC0100364154 /* KeyboardNotificationViewController.swift in Sources */,
				CEB55CC524A48C2D00364154 /* ApplicationData.swift in Sources */,
				CEB55CC324A4878700364154 /* SecondViewController.swift in Sources */,
				CEB55CB324A4841B00364154 /* ViewController.swift in Sources */,
				CEB55CAF24A4841B00364154 /* AppDelegate.swift in Sources */,
				CEB55CC924A5F8A700364154 /* KeyboardNotificationViewController2.swift in Sources */,
				CEB55CB124A4841B00364154 /* SceneDelegate.swift in Sources */,
			);
			runOnlyForDeploymentPostprocessing = 0;
		};
/* End PBXSourcesBuildPhase section */

/* Begin PBXVariantGroup section */
		CEB55CB424A4841B00364154 /* Main.storyboard */ = {
			isa = PBXVariantGroup;
			children = (
				CEB55CB524A4841B00364154 /* Base */,
			);
			name = Main.storyboard;
			sourceTree = "<group>";
		};
		CEB55CB924A4841E00364154 /* LaunchScreen.storyboard */ = {
			isa = PBXVariantGroup;
			children = (
				CEB55CBA24A4841E00364154 /* Base */,
			);
			name = LaunchScreen.storyboard;
			sourceTree = "<group>";
		};
/* End PBXVariantGroup section */

/* Begin XCBuildConfiguration section */
		CEB55CBD24A4841E00364154 /* Debug */ = {
			isa = XCBuildConfiguration;
			buildSettings = {
				ALWAYS_SEARCH_USER_PATHS = NO;
				CLANG_ANALYZER_NONNULL = YES;
				CLANG_ANALYZER_NUMBER_OBJECT_CONVERSION = YES_AGGRESSIVE;
				CLANG_CXX_LANGUAGE_STANDARD = "gnu++14";
				CLANG_CXX_LIBRARY = "libc++";
				CLANG_ENABLE_MODULES = YES;
				CLANG_ENABLE_OBJC_ARC = YES;
				CLANG_ENABLE_OBJC_WEAK = YES;
				CLANG_WARN_BLOCK_CAPTURE_AUTORELEASING = YES;
				CLANG_WARN_BOOL_CONVERSION = YES;
				CLANG_WARN_COMMA = YES;
				CLANG_WARN_CONSTANT_CONVERSION = YES;
				CLANG_WARN_DEPRECATED_OBJC_IMPLEMENTATIONS = YES;
				CLANG_WARN_DIRECT_OBJC_ISA_USAGE = YES_ERROR;
				CLANG_WARN_DOCUMENTATION_COMMENTS = YES;
				CLANG_WARN_EMPTY_BODY = YES;
				CLANG_WARN_ENUM_CONVERSION = YES;
				CLANG_WARN_INFINITE_RECURSION = YES;
				CLANG_WARN_INT_CONVERSION = YES;
				CLANG_WARN_NON_LITERAL_NULL_CONVERSION = YES;
				CLANG_WARN_OBJC_IMPLICIT_RETAIN_SELF = YES;
				CLANG_WARN_OBJC_LITERAL_CONVERSION = YES;
				CLANG_WARN_OBJC_ROOT_CLASS = YES_ERROR;
				CLANG_WARN_RANGE_LOOP_ANALYSIS = YES;
				CLANG_WARN_STRICT_PROTOTYPES = YES;
				CLANG_WARN_SUSPICIOUS_MOVE = YES;
				CLANG_WARN_UNGUARDED_AVAILABILITY = YES_AGGRESSIVE;
				CLANG_WARN_UNREACHABLE_CODE = YES;
				CLANG_WARN__DUPLICATE_METHOD_MATCH = YES;
				COPY_PHASE_STRIP = NO;
				DEBUG_INFORMATION_FORMAT = dwarf;
				ENABLE_STRICT_OBJC_MSGSEND = YES;
				ENABLE_TESTABILITY = YES;
				GCC_C_LANGUAGE_STANDARD = gnu11;
				GCC_DYNAMIC_NO_PIC = NO;
				GCC_NO_COMMON_BLOCKS = YES;
				GCC_OPTIMIZATION_LEVEL = 0;
				GCC_PREPROCESSOR_DEFINITIONS = (
					"DEBUG=1",
					"$(inherited)",
				);
				GCC_WARN_64_TO_32_BIT_CONVERSION = YES;
				GCC_WARN_ABOUT_RETURN_TYPE = YES_ERROR;
				GCC_WARN_UNDECLARED_SELECTOR = YES;
				GCC_WARN_UNINITIALIZED_AUTOS = YES_AGGRESSIVE;
				GCC_WARN_UNUSED_FUNCTION = YES;
				GCC_WARN_UNUSED_VARIABLE = YES;
				IPHONEOS_DEPLOYMENT_TARGET = 13.5;
				MTL_ENABLE_DEBUG_INFO = INCLUDE_SOURCE;
				MTL_FAST_MATH = YES;
				ONLY_ACTIVE_ARCH = YES;
				SDKROOT = iphoneos;
				SWIFT_ACTIVE_COMPILATION_CONDITIONS = DEBUG;
				SWIFT_OPTIMIZATION_LEVEL = "-Onone";
			};
			name = Debug;
		};
		CEB55CBE24A4841E00364154 /* Release */ = {
			isa = XCBuildConfiguration;
			buildSettings = {
				ALWAYS_SEARCH_USER_PATHS = NO;
				CLANG_ANALYZER_NONNULL = YES;
				CLANG_ANALYZER_NUMBER_OBJECT_CONVERSION = YES_AGGRESSIVE;
				CLANG_CXX_LANGUAGE_STANDARD = "gnu++14";
				CLANG_CXX_LIBRARY = "libc++";
				CLANG_ENABLE_MODULES = YES;
				CLANG_ENABLE_OBJC_ARC = YES;
				CLANG_ENABLE_OBJC_WEAK = YES;
				CLANG_WARN_BLOCK_CAPTURE_AUTORELEASING = YES;
				CLANG_WARN_BOOL_CONVERSION = YES;
				CLANG_WARN_COMMA = YES;
				CLANG_WARN_CONSTANT_CONVERSION = YES;
				CLANG_WARN_DEPRECATED_OBJC_IMPLEMENTATIONS = YES;
				CLANG_WARN_DIRECT_OBJC_ISA_USAGE = YES_ERROR;
				CLANG_WARN_DOCUMENTATION_COMMENTS = YES;
				CLANG_WARN_EMPTY_BODY = YES;
				CLANG_WARN_ENUM_CONVERSION = YES;
				CLANG_WARN_INFINITE_RECURSION = YES;
				CLANG_WARN_INT_CONVERSION = YES;
				CLANG_WARN_NON_LITERAL_NULL_CONVERSION = YES;
				CLANG_WARN_OBJC_IMPLICIT_RETAIN_SELF = YES;
				CLANG_WARN_OBJC_LITERAL_CONVERSION = YES;
				CLANG_WARN_OBJC_ROOT_CLASS = YES_ERROR;
				CLANG_WARN_RANGE_LOOP_ANALYSIS = YES;
				CLANG_WARN_STRICT_PROTOTYPES = YES;
				CLANG_WARN_SUSPICIOUS_MOVE = YES;
				CLANG_WARN_UNGUARDED_AVAILABILITY = YES_AGGRESSIVE;
				CLANG_WARN_UNREACHABLE_CODE = YES;
				CLANG_WARN__DUPLICATE_METHOD_MATCH = YES;
				COPY_PHASE_STRIP = NO;
				DEBUG_INFORMATION_FORMAT = "dwarf-with-dsym";
				ENABLE_NS_ASSERTIONS = NO;
				ENABLE_STRICT_OBJC_MSGSEND = YES;
				GCC_C_LANGUAGE_STANDARD = gnu11;
				GCC_NO_COMMON_BLOCKS = YES;
				GCC_WARN_64_TO_32_BIT_CONVERSION = YES;
				GCC_WARN_ABOUT_RETURN_TYPE = YES_ERROR;
				GCC_WARN_UNDECLARED_SELECTOR = YES;
				GCC_WARN_UNINITIALIZED_AUTOS = YES_AGGRESSIVE;
				GCC_WARN_UNUSED_FUNCTION = YES;
				GCC_WARN_UNUSED_VARIABLE = YES;
				IPHONEOS_DEPLOYMENT_TARGET = 13.5;
				MTL_ENABLE_DEBUG_INFO = NO;
				MTL_FAST_MATH = YES;
				SDKROOT = iphoneos;
				SWIFT_COMPILATION_MODE = wholemodule;
				SWIFT_OPTIMIZATION_LEVEL = "-O";
				VALIDATE_PRODUCT = YES;
			};
			name = Release;
		};
		CEB55CC024A4841E00364154 /* Debug */ = {
			isa = XCBuildConfiguration;
			buildSettings = {
				ASSETCATALOG_COMPILER_APPICON_NAME = AppIcon;
				CODE_SIGN_STYLE = Automatic;
				DEVELOPMENT_TEAM = PDY29GF949;
				INFOPLIST_FILE = NotificationCenter0625/Info.plist;
				LD_RUNPATH_SEARCH_PATHS = (
					"$(inherited)",
					"@executable_path/Frameworks",
				);
				PRODUCT_BUNDLE_IDENTIFIER = com.gmail.appl.leslie.NotificationCenter0625;
				PRODUCT_NAME = "$(TARGET_NAME)";
				SWIFT_VERSION = 5.0;
				TARGETED_DEVICE_FAMILY = "1,2";
			};
			name = Debug;
		};
		CEB55CC124A4841E00364154 /* Release */ = {
			isa = XCBuildConfiguration;
			buildSettings = {
				ASSETCATALOG_COMPILER_APPICON_NAME = AppIcon;
				CODE_SIGN_STYLE = Automatic;
				DEVELOPMENT_TEAM = PDY29GF949;
				INFOPLIST_FILE = NotificationCenter0625/Info.plist;
				LD_RUNPATH_SEARCH_PATHS = (
					"$(inherited)",
					"@executable_path/Frameworks",
				);
				PRODUCT_BUNDLE_IDENTIFIER = com.gmail.appl.leslie.NotificationCenter0625;
				PRODUCT_NAME = "$(TARGET_NAME)";
				SWIFT_VERSION = 5.0;
				TARGETED_DEVICE_FAMILY = "1,2";
			};
			name = Release;
		};
/* End XCBuildConfiguration section */

/* Begin XCConfigurationList section */
		CEB55CA624A4841B00364154 /* Build configuration list for PBXProject "NotificationCenter0625" */ = {
			isa = XCConfigurationList;
			buildConfigurations = (
				CEB55CBD24A4841E00364154 /* Debug */,
				CEB55CBE24A4841E00364154 /* Release */,
			);
			defaultConfigurationIsVisible = 0;
			defaultConfigurationName = Release;
		};
		CEB55CBF24A4841E00364154 /* Build configuration list for PBXNativeTarget "NotificationCenter0625" */ = {
			isa = XCConfigurationList;
			buildConfigurations = (
				CEB55CC024A4841E00364154 /* Debug */,
				CEB55CC124A4841E00364154 /* Release */,
			);
			defaultConfigurationIsVisible = 0;
			defaultConfigurationName = Release;
		};
/* End XCConfigurationList section */
	};
	rootObject = CEB55CA324A4841B00364154 /* Project object */;
}
